// !$*UTF8*$!
{
	archiveVersion = 1;
	classes = {
	};
	objectVersion = 56;
	objects = {

/* Begin PBXBuildFile section */
		040C28F82BD5376800B21D69 /* AppetizersApp.swift in Sources */ = {isa = PBXBuildFile; fileRef = 040C28F72BD5376800B21D69 /* AppetizersApp.swift */; };
		040C28FA2BD5376800B21D69 /* AppetizerTabView.swift in Sources */ = {isa = PBXBuildFile; fileRef = 040C28F92BD5376800B21D69 /* AppetizerTabView.swift */; };
		040C28FC2BD5376A00B21D69 /* Assets.xcassets in Resources */ = {isa = PBXBuildFile; fileRef = 040C28FB2BD5376A00B21D69 /* Assets.xcassets */; };
		040C28FF2BD5376A00B21D69 /* Preview Assets.xcassets in Resources */ = {isa = PBXBuildFile; fileRef = 040C28FE2BD5376A00B21D69 /* Preview Assets.xcassets */; };
		040C29062BD537A400B21D69 /* AppetizerListView.swift in Sources */ = {isa = PBXBuildFile; fileRef = 040C29052BD537A400B21D69 /* AppetizerListView.swift */; };
		040C29082BD537B700B21D69 /* OrderView.swift in Sources */ = {isa = PBXBuildFile; fileRef = 040C29072BD537B700B21D69 /* OrderView.swift */; };
		040C290A2BD537C200B21D69 /* AccountView.swift in Sources */ = {isa = PBXBuildFile; fileRef = 040C29092BD537C200B21D69 /* AccountView.swift */; };
		040C290C2BD5428900B21D69 /* Appetizer.swift in Sources */ = {isa = PBXBuildFile; fileRef = 040C290B2BD5428900B21D69 /* Appetizer.swift */; };
		040C290E2BD556E000B21D69 /* AppetizerListCell.swift in Sources */ = {isa = PBXBuildFile; fileRef = 040C290D2BD556E000B21D69 /* AppetizerListCell.swift */; };
		040C29102BD5614E00B21D69 /* NetworkManager.swift in Sources */ = {isa = PBXBuildFile; fileRef = 040C290F2BD5614E00B21D69 /* NetworkManager.swift */; };
		040C29122BD5637F00B21D69 /* APError.swift in Sources */ = {isa = PBXBuildFile; fileRef = 040C29112BD5637F00B21D69 /* APError.swift */; };
		0431D62E2BDCFD4200698B5A /* AppetizerListViewModel.swift in Sources */ = {isa = PBXBuildFile; fileRef = 0431D62D2BDCFD4200698B5A /* AppetizerListViewModel.swift */; };
		0431D6302BDCFD8F00698B5A /* Alert.swift in Sources */ = {isa = PBXBuildFile; fileRef = 0431D62F2BDCFD8F00698B5A /* Alert.swift */; };
		0431D6322BDD197B00698B5A /* LoadingView.swift in Sources */ = {isa = PBXBuildFile; fileRef = 0431D6312BDD197B00698B5A /* LoadingView.swift */; };
		0431D6342BDD1A7100698B5A /* Color+Ext.swift in Sources */ = {isa = PBXBuildFile; fileRef = 0431D6332BDD1A7100698B5A /* Color+Ext.swift */; };
		0431D6362BDD30C500698B5A /* RemoteImage.swift in Sources */ = {isa = PBXBuildFile; fileRef = 0431D6352BDD30C500698B5A /* RemoteImage.swift */; };
/* End PBXBuildFile section */

/* Begin PBXFileReference section */
		040C28F42BD5376800B21D69 /* Appetizers.app */ = {isa = PBXFileReference; explicitFileType = wrapper.application; includeInIndex = 0; path = Appetizers.app; sourceTree = BUILT_PRODUCTS_DIR; };
		040C28F72BD5376800B21D69 /* AppetizersApp.swift */ = {isa = PBXFileReference; lastKnownFileType = sourcecode.swift; path = AppetizersApp.swift; sourceTree = "<group>"; };
		040C28F92BD5376800B21D69 /* AppetizerTabView.swift */ = {isa = PBXFileReference; lastKnownFileType = sourcecode.swift; path = AppetizerTabView.swift; sourceTree = "<group>"; };
		040C28FB2BD5376A00B21D69 /* Assets.xcassets */ = {isa = PBXFileReference; lastKnownFileType = folder.assetcatalog; path = Assets.xcassets; sourceTree = "<group>"; };
		040C28FE2BD5376A00B21D69 /* Preview Assets.xcassets */ = {isa = PBXFileReference; lastKnownFileType = folder.assetcatalog; path = "Preview Assets.xcassets"; sourceTree = "<group>"; };
		040C29052BD537A400B21D69 /* AppetizerListView.swift */ = {isa = PBXFileReference; lastKnownFileType = sourcecode.swift; path = AppetizerListView.swift; sourceTree = "<group>"; };
		040C29072BD537B700B21D69 /* OrderView.swift */ = {isa = PBXFileReference; lastKnownFileType = sourcecode.swift; path = OrderView.swift; sourceTree = "<group>"; };
		040C29092BD537C200B21D69 /* AccountView.swift */ = {isa = PBXFileReference; lastKnownFileType = sourcecode.swift; path = AccountView.swift; sourceTree = "<group>"; };
		040C290B2BD5428900B21D69 /* Appetizer.swift */ = {isa = PBXFileReference; lastKnownFileType = sourcecode.swift; path = Appetizer.swift; sourceTree = "<group>"; };
		040C290D2BD556E000B21D69 /* AppetizerListCell.swift */ = {isa = PBXFileReference; lastKnownFileType = sourcecode.swift; path = AppetizerListCell.swift; sourceTree = "<group>"; };
		040C290F2BD5614E00B21D69 /* NetworkManager.swift */ = {isa = PBXFileReference; lastKnownFileType = sourcecode.swift; path = NetworkManager.swift; sourceTree = "<group>"; };
		040C29112BD5637F00B21D69 /* APError.swift */ = {isa = PBXFileReference; lastKnownFileType = sourcecode.swift; path = APError.swift; sourceTree = "<group>"; };
		0431D62D2BDCFD4200698B5A /* AppetizerListViewModel.swift */ = {isa = PBXFileReference; lastKnownFileType = sourcecode.swift; path = AppetizerListViewModel.swift; sourceTree = "<group>"; };
		0431D62F2BDCFD8F00698B5A /* Alert.swift */ = {isa = PBXFileReference; lastKnownFileType = sourcecode.swift; path = Alert.swift; sourceTree = "<group>"; };
		0431D6312BDD197B00698B5A /* LoadingView.swift */ = {isa = PBXFileReference; lastKnownFileType = sourcecode.swift; path = LoadingView.swift; sourceTree = "<group>"; };
		0431D6332BDD1A7100698B5A /* Color+Ext.swift */ = {isa = PBXFileReference; lastKnownFileType = sourcecode.swift; path = "Color+Ext.swift"; sourceTree = "<group>"; };
		0431D6352BDD30C500698B5A /* RemoteImage.swift */ = {isa = PBXFileReference; lastKnownFileType = sourcecode.swift; path = RemoteImage.swift; sourceTree = "<group>"; };
/* End PBXFileReference section */

/* Begin PBXFrameworksBuildPhase section */
		040C28F12BD5376800B21D69 /* Frameworks */ = {
			isa = PBXFrameworksBuildPhase;
			buildActionMask = 2147483647;
			files = (
			);
			runOnlyForDeploymentPostprocessing = 0;
		};
/* End PBXFrameworksBuildPhase section */

/* Begin PBXGroup section */
		040C28EB2BD5376800B21D69 = {
			isa = PBXGroup;
			children = (
				040C28F62BD5376800B21D69 /* Appetizers */,
				040C28F52BD5376800B21D69 /* Products */,
			);
			sourceTree = "<group>";
		};
		040C28F52BD5376800B21D69 /* Products */ = {
			isa = PBXGroup;
			children = (
				040C28F42BD5376800B21D69 /* Appetizers.app */,
			);
			name = Products;
			sourceTree = "<group>";
		};
		040C28F62BD5376800B21D69 /* Appetizers */ = {
			isa = PBXGroup;
			children = (
				0431D63F2BDD3A8E00698B5A /* Model */,
				0431D6402BDD3B6B00698B5A /* Views */,
				0431D6372BDD39A000698B5A /* Screens */,
				040C28F72BD5376800B21D69 /* AppetizersApp.swift */,
				040C28FB2BD5376A00B21D69 /* Assets.xcassets */,
				040C28FD2BD5376A00B21D69 /* Preview Content */,
			);
			path = Appetizers;
			sourceTree = "<group>";
		};
		040C28FD2BD5376A00B21D69 /* Preview Content */ = {
			isa = PBXGroup;
			children = (
				040C28FE2BD5376A00B21D69 /* Preview Assets.xcassets */,
			);
			path = "Preview Content";
			sourceTree = "<group>";
		};
		0431D6372BDD39A000698B5A /* Screens */ = {
			isa = PBXGroup;
			children = (
				040C28F92BD5376800B21D69 /* AppetizerTabView.swift */,
				0431D63A2BDD39D400698B5A /* AccountView */,
				0431D6392BDD39C600698B5A /* OrderView */,
				0431D6382BDD39AA00698B5A /* AppetizerListView */,
			);
			path = Screens;
			sourceTree = "<group>";
		};
		0431D6382BDD39AA00698B5A /* AppetizerListView */ = {
			isa = PBXGroup;
			children = (
				0431D62D2BDCFD4200698B5A /* AppetizerListViewModel.swift */,
				040C29052BD537A400B21D69 /* AppetizerListView.swift */,
			);
			path = AppetizerListView;
			sourceTree = "<group>";
		};
		0431D6392BDD39C600698B5A /* OrderView */ = {
			isa = PBXGroup;
			children = (
				040C29072BD537B700B21D69 /* OrderView.swift */,
			);
			path = OrderView;
			sourceTree = "<group>";
		};
		0431D63A2BDD39D400698B5A /* AccountView */ = {
			isa = PBXGroup;
			children = (
				040C29092BD537C200B21D69 /* AccountView.swift */,
			);
			path = AccountView;
			sourceTree = "<group>";
		};
		0431D63B2BDD3A2600698B5A /* Utilities */ = {
			isa = PBXGroup;
			children = (
				0431D63E2BDD3A4B00698B5A /* Alerts */,
				0431D63D2BDD3A4200698B5A /* Managers */,
				0431D63C2BDD3A3A00698B5A /* Extensions */,
			);
			path = Utilities;
			sourceTree = "<group>";
		};
		0431D63C2BDD3A3A00698B5A /* Extensions */ = {
			isa = PBXGroup;
			children = (
				0431D6332BDD1A7100698B5A /* Color+Ext.swift */,
			);
			path = Extensions;
			sourceTree = "<group>";
		};
		0431D63D2BDD3A4200698B5A /* Managers */ = {
			isa = PBXGroup;
			children = (
				040C290F2BD5614E00B21D69 /* NetworkManager.swift */,
			);
			path = Managers;
			sourceTree = "<group>";
		};
		0431D63E2BDD3A4B00698B5A /* Alerts */ = {
			isa = PBXGroup;
			children = (
				040C29112BD5637F00B21D69 /* APError.swift */,
				0431D62F2BDCFD8F00698B5A /* Alert.swift */,
			);
			path = Alerts;
			sourceTree = "<group>";
		};
		0431D63F2BDD3A8E00698B5A /* Model */ = {
			isa = PBXGroup;
			children = (
				0431D63B2BDD3A2600698B5A /* Utilities */,
				040C290B2BD5428900B21D69 /* Appetizer.swift */,
			);
			path = Model;
			sourceTree = "<group>";
		};
		0431D6402BDD3B6B00698B5A /* Views */ = {
			isa = PBXGroup;
			children = (
				0431D6432BDD3B9700698B5A /* Image */,
				0431D6422BDD3B9100698B5A /* Cells */,
				0431D6412BDD3B7C00698B5A /* UIKit Components */,
			);
			path = Views;
			sourceTree = "<group>";
		};
		0431D6412BDD3B7C00698B5A /* UIKit Components */ = {
			isa = PBXGroup;
			children = (
				0431D6312BDD197B00698B5A /* LoadingView.swift */,
			);
			path = "UIKit Components";
			sourceTree = "<group>";
		};
		0431D6422BDD3B9100698B5A /* Cells */ = {
			isa = PBXGroup;
			children = (
				040C290D2BD556E000B21D69 /* AppetizerListCell.swift */,
			);
			path = Cells;
			sourceTree = "<group>";
		};
		0431D6432BDD3B9700698B5A /* Image */ = {
			isa = PBXGroup;
			children = (
				0431D6352BDD30C500698B5A /* RemoteImage.swift */,
			);
			path = Image;
			sourceTree = "<group>";
		};
/* End PBXGroup section */

/* Begin PBXNativeTarget section */
		040C28F32BD5376800B21D69 /* Appetizers */ = {
			isa = PBXNativeTarget;
			buildConfigurationList = 040C29022BD5376A00B21D69 /* Build configuration list for PBXNativeTarget "Appetizers" */;
			buildPhases = (
				040C28F02BD5376800B21D69 /* Sources */,
				040C28F12BD5376800B21D69 /* Frameworks */,
				040C28F22BD5376800B21D69 /* Resources */,
			);
			buildRules = (
			);
			dependencies = (
			);
			name = Appetizers;
			productName = Appetizers;
			productReference = 040C28F42BD5376800B21D69 /* Appetizers.app */;
			productType = "com.apple.product-type.application";
		};
/* End PBXNativeTarget section */

/* Begin PBXProject section */
		040C28EC2BD5376800B21D69 /* Project object */ = {
			isa = PBXProject;
			attributes = {
				BuildIndependentTargetsInParallel = 1;
				LastSwiftUpdateCheck = 1530;
				LastUpgradeCheck = 1530;
				TargetAttributes = {
					040C28F32BD5376800B21D69 = {
						CreatedOnToolsVersion = 15.3;
					};
				};
			};
			buildConfigurationList = 040C28EF2BD5376800B21D69 /* Build configuration list for PBXProject "Appetizers" */;
			compatibilityVersion = "Xcode 14.0";
			developmentRegion = en;
			hasScannedForEncodings = 0;
			knownRegions = (
				en,
				Base,
			);
			mainGroup = 040C28EB2BD5376800B21D69;
			productRefGroup = 040C28F52BD5376800B21D69 /* Products */;
			projectDirPath = "";
			projectRoot = "";
			targets = (
				040C28F32BD5376800B21D69 /* Appetizers */,
			);
		};
/* End PBXProject section */

/* Begin PBXResourcesBuildPhase section */
		040C28F22BD5376800B21D69 /* Resources */ = {
			isa = PBXResourcesBuildPhase;
			buildActionMask = 2147483647;
			files = (
				040C28FF2BD5376A00B21D69 /* Preview Assets.xcassets in Resources */,
				040C28FC2BD5376A00B21D69 /* Assets.xcassets in Resources */,
			);
			runOnlyForDeploymentPostprocessing = 0;
		};
/* End PBXResourcesBuildPhase section */

/* Begin PBXSourcesBuildPhase section */
		040C28F02BD5376800B21D69 /* Sources */ = {
			isa = PBXSourcesBuildPhase;
			buildActionMask = 2147483647;
			files = (
				040C290C2BD5428900B21D69 /* Appetizer.swift in Sources */,
				040C29122BD5637F00B21D69 /* APError.swift in Sources */,
				040C290E2BD556E000B21D69 /* AppetizerListCell.swift in Sources */,
				0431D62E2BDCFD4200698B5A /* AppetizerListViewModel.swift in Sources */,
				0431D6342BDD1A7100698B5A /* Color+Ext.swift in Sources */,
				040C28FA2BD5376800B21D69 /* AppetizerTabView.swift in Sources */,
				0431D6322BDD197B00698B5A /* LoadingView.swift in Sources */,
				040C29082BD537B700B21D69 /* OrderView.swift in Sources */,
				040C29102BD5614E00B21D69 /* NetworkManager.swift in Sources */,
				0431D6362BDD30C500698B5A /* RemoteImage.swift in Sources */,
				040C28F82BD5376800B21D69 /* AppetizersApp.swift in Sources */,
				0431D6302BDCFD8F00698B5A /* Alert.swift in Sources */,
				040C29062BD537A400B21D69 /* AppetizerListView.swift in Sources */,
				040C290A2BD537C200B21D69 /* AccountView.swift in Sources */,
			);
			runOnlyForDeploymentPostprocessing = 0;
		};
/* End PBXSourcesBuildPhase section */

/* Begin XCBuildConfiguration section */
		040C29002BD5376A00B21D69 /* Debug */ = {
			isa = XCBuildConfiguration;
			buildSettings = {
				ALWAYS_SEARCH_USER_PATHS = NO;
				ASSETCATALOG_COMPILER_GENERATE_SWIFT_ASSET_SYMBOL_EXTENSIONS = YES;
				CLANG_ANALYZER_NONNULL = YES;
				CLANG_ANALYZER_NUMBER_OBJECT_CONVERSION = YES_AGGRESSIVE;
				CLANG_CXX_LANGUAGE_STANDARD = "gnu++20";
				CLANG_ENABLE_MODULES = YES;
				CLANG_ENABLE_OBJC_ARC = YES;
				CLANG_ENABLE_OBJC_WEAK = YES;
				CLANG_WARN_BLOCK_CAPTURE_AUTORELEASING = YES;
				CLANG_WARN_BOOL_CONVERSION = YES;
				CLANG_WARN_COMMA = YES;
				CLANG_WARN_CONSTANT_CONVERSION = YES;
				CLANG_WARN_DEPRECATED_OBJC_IMPLEMENTATIONS = YES;
				CLANG_WARN_DIRECT_OBJC_ISA_USAGE = YES_ERROR;
				CLANG_WARN_DOCUMENTATION_COMMENTS = YES;
				CLANG_WARN_EMPTY_BODY = YES;
				CLANG_WARN_ENUM_CONVERSION = YES;
				CLANG_WARN_INFINITE_RECURSION = YES;
				CLANG_WARN_INT_CONVERSION = YES;
				CLANG_WARN_NON_LITERAL_NULL_CONVERSION = YES;
				CLANG_WARN_OBJC_IMPLICIT_RETAIN_SELF = YES;
				CLANG_WARN_OBJC_LITERAL_CONVERSION = YES;
				CLANG_WARN_OBJC_ROOT_CLASS = YES_ERROR;
				CLANG_WARN_QUOTED_INCLUDE_IN_FRAMEWORK_HEADER = YES;
				CLANG_WARN_RANGE_LOOP_ANALYSIS = YES;
				CLANG_WARN_STRICT_PROTOTYPES = YES;
				CLANG_WARN_SUSPICIOUS_MOVE = YES;
				CLANG_WARN_UNGUARDED_AVAILABILITY = YES_AGGRESSIVE;
				CLANG_WARN_UNREACHABLE_CODE = YES;
				CLANG_WARN__DUPLICATE_METHOD_MATCH = YES;
				COPY_PHASE_STRIP = NO;
				DEBUG_INFORMATION_FORMAT = dwarf;
				ENABLE_STRICT_OBJC_MSGSEND = YES;
				ENABLE_TESTABILITY = YES;
				ENABLE_USER_SCRIPT_SANDBOXING = YES;
				GCC_C_LANGUAGE_STANDARD = gnu17;
				GCC_DYNAMIC_NO_PIC = NO;
				GCC_NO_COMMON_BLOCKS = YES;
				GCC_OPTIMIZATION_LEVEL = 0;
				GCC_PREPROCESSOR_DEFINITIONS = (
					"DEBUG=1",
					"$(inherited)",
				);
				GCC_WARN_64_TO_32_BIT_CONVERSION = YES;
				GCC_WARN_ABOUT_RETURN_TYPE = YES_ERROR;
				GCC_WARN_UNDECLARED_SELECTOR = YES;
				GCC_WARN_UNINITIALIZED_AUTOS = YES_AGGRESSIVE;
				GCC_WARN_UNUSED_FUNCTION = YES;
				GCC_WARN_UNUSED_VARIABLE = YES;
				IPHONEOS_DEPLOYMENT_TARGET = 17.4;
				LOCALIZATION_PREFERS_STRING_CATALOGS = YES;
				MTL_ENABLE_DEBUG_INFO = INCLUDE_SOURCE;
				MTL_FAST_MATH = YES;
				ONLY_ACTIVE_ARCH = YES;
				SDKROOT = iphoneos;
				SWIFT_ACTIVE_COMPILATION_CONDITIONS = "DEBUG $(inherited)";
				SWIFT_OPTIMIZATION_LEVEL = "-Onone";
			};
			name = Debug;
		};
		040C29012BD5376A00B21D69 /* Release */ = {
			isa = XCBuildConfiguration;
			buildSettings = {
				ALWAYS_SEARCH_USER_PATHS = NO;
				ASSETCATALOG_COMPILER_GENERATE_SWIFT_ASSET_SYMBOL_EXTENSIONS = YES;
				CLANG_ANALYZER_NONNULL = YES;
				CLANG_ANALYZER_NUMBER_OBJECT_CONVERSION = YES_AGGRESSIVE;
				CLANG_CXX_LANGUAGE_STANDARD = "gnu++20";
				CLANG_ENABLE_MODULES = YES;
				CLANG_ENABLE_OBJC_ARC = YES;
				CLANG_ENABLE_OBJC_WEAK = YES;
				CLANG_WARN_BLOCK_CAPTURE_AUTORELEASING = YES;
				CLANG_WARN_BOOL_CONVERSION = YES;
				CLANG_WARN_COMMA = YES;
				CLANG_WARN_CONSTANT_CONVERSION = YES;
				CLANG_WARN_DEPRECATED_OBJC_IMPLEMENTATIONS = YES;
				CLANG_WARN_DIRECT_OBJC_ISA_USAGE = YES_ERROR;
				CLANG_WARN_DOCUMENTATION_COMMENTS = YES;
				CLANG_WARN_EMPTY_BODY = YES;
				CLANG_WARN_ENUM_CONVERSION = YES;
				CLANG_WARN_INFINITE_RECURSION = YES;
				CLANG_WARN_INT_CONVERSION = YES;
				CLANG_WARN_NON_LITERAL_NULL_CONVERSION = YES;
				CLANG_WARN_OBJC_IMPLICIT_RETAIN_SELF = YES;
				CLANG_WARN_OBJC_LITERAL_CONVERSION = YES;
				CLANG_WARN_OBJC_ROOT_CLASS = YES_ERROR;
				CLANG_WARN_QUOTED_INCLUDE_IN_FRAMEWORK_HEADER = YES;
				CLANG_WARN_RANGE_LOOP_ANALYSIS = YES;
				CLANG_WARN_STRICT_PROTOTYPES = YES;
				CLANG_WARN_SUSPICIOUS_MOVE = YES;
				CLANG_WARN_UNGUARDED_AVAILABILITY = YES_AGGRESSIVE;
				CLANG_WARN_UNREACHABLE_CODE = YES;
				CLANG_WARN__DUPLICATE_METHOD_MATCH = YES;
				COPY_PHASE_STRIP = NO;
				DEBUG_INFORMATION_FORMAT = "dwarf-with-dsym";
				ENABLE_NS_ASSERTIONS = NO;
				ENABLE_STRICT_OBJC_MSGSEND = YES;
				ENABLE_USER_SCRIPT_SANDBOXING = YES;
				GCC_C_LANGUAGE_STANDARD = gnu17;
				GCC_NO_COMMON_BLOCKS = YES;
				GCC_WARN_64_TO_32_BIT_CONVERSION = YES;
				GCC_WARN_ABOUT_RETURN_TYPE = YES_ERROR;
				GCC_WARN_UNDECLARED_SELECTOR = YES;
				GCC_WARN_UNINITIALIZED_AUTOS = YES_AGGRESSIVE;
				GCC_WARN_UNUSED_FUNCTION = YES;
				GCC_WARN_UNUSED_VARIABLE = YES;
				IPHONEOS_DEPLOYMENT_TARGET = 17.4;
				LOCALIZATION_PREFERS_STRING_CATALOGS = YES;
				MTL_ENABLE_DEBUG_INFO = NO;
				MTL_FAST_MATH = YES;
				SDKROOT = iphoneos;
				SWIFT_COMPILATION_MODE = wholemodule;
				VALIDATE_PRODUCT = YES;
			};
			name = Release;
		};
		040C29032BD5376A00B21D69 /* Debug */ = {
			isa = XCBuildConfiguration;
			buildSettings = {
				ASSETCATALOG_COMPILER_APPICON_NAME = AppIcon;
				ASSETCATALOG_COMPILER_GLOBAL_ACCENT_COLOR_NAME = AccentColor;
				CODE_SIGN_STYLE = Automatic;
				CURRENT_PROJECT_VERSION = 1;
				DEVELOPMENT_ASSET_PATHS = "\"Appetizers/Preview Content\"";
				DEVELOPMENT_TEAM = B397WD3D3J;
				ENABLE_PREVIEWS = YES;
				GENERATE_INFOPLIST_FILE = YES;
				INFOPLIST_KEY_UIApplicationSceneManifest_Generation = YES;
				INFOPLIST_KEY_UIApplicationSupportsIndirectInputEvents = YES;
				INFOPLIST_KEY_UILaunchScreen_Generation = YES;
				INFOPLIST_KEY_UISupportedInterfaceOrientations_iPad = "UIInterfaceOrientationPortrait UIInterfaceOrientationPortraitUpsideDown UIInterfaceOrientationLandscapeLeft UIInterfaceOrientationLandscapeRight";
				INFOPLIST_KEY_UISupportedInterfaceOrientations_iPhone = "UIInterfaceOrientationPortrait UIInterfaceOrientationLandscapeLeft UIInterfaceOrientationLandscapeRight";
				LD_RUNPATH_SEARCH_PATHS = (
					"$(inherited)",
					"@executable_path/Frameworks",
				);
				MARKETING_VERSION = 1.0;
				PRODUCT_BUNDLE_IDENTIFIER = temoor.Appetizers;
				PRODUCT_NAME = "$(TARGET_NAME)";
				SWIFT_EMIT_LOC_STRINGS = YES;
				SWIFT_VERSION = 5.0;
				TARGETED_DEVICE_FAMILY = "1,2";
			};
			name = Debug;
		};
		040C29042BD5376A00B21D69 /* Release */ = {
			isa = XCBuildConfiguration;
			buildSettings = {
				ASSETCATALOG_COMPILER_APPICON_NAME = AppIcon;
				ASSETCATALOG_COMPILER_GLOBAL_ACCENT_COLOR_NAME = AccentColor;
				CODE_SIGN_STYLE = Automatic;
				CURRENT_PROJECT_VERSION = 1;
				DEVELOPMENT_ASSET_PATHS = "\"Appetizers/Preview Content\"";
				DEVELOPMENT_TEAM = B397WD3D3J;
				ENABLE_PREVIEWS = YES;
				GENERATE_INFOPLIST_FILE = YES;
				INFOPLIST_KEY_UIApplicationSceneManifest_Generation = YES;
				INFOPLIST_KEY_UIApplicationSupportsIndirectInputEvents = YES;
				INFOPLIST_KEY_UILaunchScreen_Generation = YES;
				INFOPLIST_KEY_UISupportedInterfaceOrientations_iPad = "UIInterfaceOrientationPortrait UIInterfaceOrientationPortraitUpsideDown UIInterfaceOrientationLandscapeLeft UIInterfaceOrientationLandscapeRight";
				INFOPLIST_KEY_UISupportedInterfaceOrientations_iPhone = "UIInterfaceOrientationPortrait UIInterfaceOrientationLandscapeLeft UIInterfaceOrientationLandscapeRight";
				LD_RUNPATH_SEARCH_PATHS = (
					"$(inherited)",
					"@executable_path/Frameworks",
				);
				MARKETING_VERSION = 1.0;
				PRODUCT_BUNDLE_IDENTIFIER = temoor.Appetizers;
				PRODUCT_NAME = "$(TARGET_NAME)";
				SWIFT_EMIT_LOC_STRINGS = YES;
				SWIFT_VERSION = 5.0;
				TARGETED_DEVICE_FAMILY = "1,2";
			};
			name = Release;
		};
/* End XCBuildConfiguration section */

/* Begin XCConfigurationList section */
		040C28EF2BD5376800B21D69 /* Build configuration list for PBXProject "Appetizers" */ = {
			isa = XCConfigurationList;
			buildConfigurations = (
				040C29002BD5376A00B21D69 /* Debug */,
				040C29012BD5376A00B21D69 /* Release */,
			);
			defaultConfigurationIsVisible = 0;
			defaultConfigurationName = Release;
		};
		040C29022BD5376A00B21D69 /* Build configuration list for PBXNativeTarget "Appetizers" */ = {
			isa = XCConfigurationList;
			buildConfigurations = (
				040C29032BD5376A00B21D69 /* Debug */,
				040C29042BD5376A00B21D69 /* Release */,
			);
			defaultConfigurationIsVisible = 0;
			defaultConfigurationName = Release;
		};
/* End XCConfigurationList section */
	};
	rootObject = 040C28EC2BD5376800B21D69 /* Project object */;
}
